#MicroXplorer Configuration settings - do not modify
ADC1.Channel-2\#ChannelRegularConversion=ADC_CHANNEL_2
ADC1.ClockPrescaler=ADC_CLOCK_SYNC_PCLK_DIV2
ADC1.DataAlign=ADC_DATAALIGN_RIGHT
ADC1.IPParameters=Rank-2\#ChannelRegularConversion,master,Channel-2\#ChannelRegularConversion,SamplingTime-2\#ChannelRegularConversion,NbrOfConversionFlag,DataAlign,ClockPrescaler
ADC1.NbrOfConversionFlag=1
ADC1.Rank-2\#ChannelRegularConversion=1
ADC1.SamplingTime-2\#ChannelRegularConversion=ADC_SAMPLETIME_3CYCLES
ADC1.master=1
CAD.formats=
CAD.pinconfig=
CAD.provider=
CORTEX_M7.IPParameters=default_mode_Activation
CORTEX_M7.default_mode_Activation=1
File.Version=6
GPIO.groupedBy=Group By Peripherals
KeepUserPlacement=false
Mcu.CPN=STM32F746NGH6
Mcu.Family=STM32F7
Mcu.IP0=ADC1
Mcu.IP1=CORTEX_M7
Mcu.IP10=TIM5
Mcu.IP11=USART1
Mcu.IP2=NVIC
Mcu.IP3=RCC
Mcu.IP4=SPI2
Mcu.IP5=SPI4
Mcu.IP6=SYS
Mcu.IP7=TIM2
Mcu.IP8=TIM3
Mcu.IP9=TIM4
Mcu.IPNb=12
Mcu.Name=STM32F746NGHx
Mcu.Package=TFBGA216
Mcu.Pin0=PE4
Mcu.Pin1=PE2
Mcu.Pin10=PE6
Mcu.Pin11=PB7
Mcu.Pin12=PB6
Mcu.Pin13=PG15
Mcu.Pin14=PA12
Mcu.Pin15=PI3
Mcu.Pin16=PA11
Mcu.Pin17=PI1
Mcu.Pin18=PA10
Mcu.Pin19=PI0
Mcu.Pin2=PB8
Mcu.Pin20=PA9
Mcu.Pin21=PH0/OSC_IN
Mcu.Pin22=PC7
Mcu.Pin23=PH1/OSC_OUT
Mcu.Pin24=PC6
Mcu.Pin25=PF7
Mcu.Pin26=PD10
Mcu.Pin27=PD9
Mcu.Pin28=PD8
Mcu.Pin29=PA1
Mcu.Pin3=PB5
Mcu.Pin30=PA0/WKUP
Mcu.Pin31=PH11
Mcu.Pin32=PA2
Mcu.Pin33=PJ2
Mcu.Pin34=PH10
Mcu.Pin35=PA3
Mcu.Pin36=PA7
Mcu.Pin37=PB1
Mcu.Pin38=PB0
Mcu.Pin39=PJ0
Mcu.Pin4=PB4
Mcu.Pin40=PJ1
Mcu.Pin41=PE10
Mcu.Pin42=PE12
Mcu.Pin43=PE15
Mcu.Pin44=PB11
Mcu.Pin45=PB14
Mcu.Pin46=VP_SYS_VS_Systick
Mcu.Pin5=PB3
Mcu.Pin6=PA15
Mcu.Pin7=PA14
Mcu.Pin8=PA13
Mcu.Pin9=PE5
Mcu.PinsNb=47
Mcu.ThirdPartyNb=0
Mcu.UserConstants=
Mcu.UserName=STM32F746NGHx
MxCube.Version=6.12.1
MxDb.Version=DB.6.0.121
NVIC.BusFault_IRQn=true\:0\:0\:false\:false\:true\:false\:false\:false
NVIC.DebugMonitor_IRQn=true\:0\:0\:false\:false\:true\:false\:false\:false
NVIC.ForceEnableDMAVector=true
NVIC.HardFault_IRQn=true\:0\:0\:false\:false\:true\:false\:false\:false
NVIC.MemoryManagement_IRQn=true\:0\:0\:false\:false\:true\:false\:false\:false
NVIC.NonMaskableInt_IRQn=true\:0\:0\:false\:false\:true\:false\:false\:false
NVIC.PendSV_IRQn=true\:0\:0\:false\:false\:true\:false\:false\:false
NVIC.PriorityGroup=NVIC_PRIORITYGROUP_4
NVIC.SVCall_IRQn=true\:0\:0\:false\:false\:true\:false\:false\:false
NVIC.SysTick_IRQn=true\:15\:0\:false\:false\:true\:false\:true\:false
NVIC.UsageFault_IRQn=true\:0\:0\:false\:false\:true\:false\:false\:false
PA0/WKUP.GPIOParameters=GPIO_Label
PA0/WKUP.GPIO_Label=A_AXIS_CH1
PA0/WKUP.Signal=S_TIM2_CH1_ETR
PA1.GPIOParameters=GPIO_Label
PA1.GPIO_Label=A_AXIS_CH2
PA1.Signal=S_TIM2_CH2
PA10.Mode=Asynchronous
PA10.Signal=USART1_RX
PA11.Mode=CTS_RTS
PA11.Signal=USART1_CTS
PA12.Mode=CTS_RTS
PA12.Signal=USART1_RTS
PA13.Mode=JTAG_5_pins
PA13.Signal=SYS_JTMS-SWDIO
PA14.Mode=JTAG_5_pins
PA14.Signal=SYS_JTCK-SWCLK
PA15.Mode=JTAG_5_pins
PA15.Signal=SYS_JTDI
PA2.GPIOParameters=GPIO_Label
PA2.GPIO_Label=ADC_NO_SEN
PA2.Signal=ADCx_IN2
PA3.GPIOParameters=GPIO_Label
PA3.GPIO_Label=ADC_DRUCK_SEN
PA3.Signal=ADCx_IN3
PA7.GPIOParameters=GPIO_Label
PA7.GPIO_Label=ADC1_IN7
PA7.Signal=ADCx_IN7
PA9.Mode=Asynchronous
PA9.Signal=USART1_TX
PB0.GPIOParameters=GPIO_Label
PB0.GPIO_Label=DAC_RESET
PB0.Locked=true
PB0.Signal=GPIO_Output
PB1.GPIOParameters=GPIO_Label
PB1.GPIO_Label=ADC1_IN9
PB1.Signal=ADCx_IN9
PB11.GPIOParameters=GPIO_Label
PB11.GPIO_Label=A_AX_REL_EN
PB11.Locked=true
PB11.Signal=GPIO_Output
PB14.GPIOParameters=GPIO_Label
PB14.GPIO_Label=Z_AX_REL_EN
PB14.Locked=true
PB14.Signal=GPIO_Output
PB3.Mode=JTAG_5_pins
PB3.Signal=SYS_JTDO-SWO
PB4.Locked=true
PB4.Mode=JTAG_5_pins
PB4.Signal=SYS_JTRST
PB5.GPIOParameters=GPIO_Label
PB5.GPIO_Label=TIM3CH1
PB5.Signal=S_TIM3_CH2
PB6.GPIOParameters=GPIO_Label
PB6.GPIO_Label=TIM4CH1
PB6.Signal=S_TIM4_CH1
PB7.GPIOParameters=GPIO_Label
PB7.GPIO_Label=TIM4CH2
PB7.Signal=S_TIM4_CH2
PB8.GPIOParameters=GPIO_Label
PB8.GPIO_Label=DISP_A0
PB8.Locked=true
PB8.Signal=GPIO_Output
PC6.GPIOParameters=GPIO_Label
PC6.GPIO_Label=TIM3CH2
PC6.Signal=S_TIM3_CH1
PC7.GPIOParameters=GPIO_Label
PC7.GPIO_Label=EN_12V
PC7.Locked=true
PC7.Signal=GPIO_Output
PD10.GPIOParameters=GPIO_Label
PD10.GPIO_Label=EN_G
PD10.Locked=true
PD10.Signal=GPIO_Output
PD8.GPIOParameters=GPIO_Label
PD8.GPIO_Label=EN_R
PD8.Locked=true
PD8.Signal=GPIO_Output
PD9.GPIOParameters=GPIO_Label
PD9.GPIO_Label=EN_B
PD9.Locked=true
PD9.Signal=GPIO_Output
PE10.GPIOParameters=GPIO_Label
PE10.GPIO_Label=BTN_DOWN
PE10.Locked=true
PE10.Signal=GPIO_Input
PE12.GPIOParameters=GPIO_Label
PE12.GPIO_Label=BTN_OK
PE12.Locked=true
PE12.Signal=GPIO_Input
PE15.GPIOParameters=GPIO_Label
PE15.GPIO_Label=BTN_UP
PE15.Locked=true
PE15.Signal=GPIO_Input
PE2.GPIOParameters=GPIO_Label
PE2.GPIO_Label=SPI4_DAC_SCK
PE2.Mode=Full_Duplex_Master
PE2.Signal=SPI4_SCK
PE4.GPIOParameters=GPIO_Label
PE4.GPIO_Label=SPI4_NSS
PE4.Locked=true
PE4.Signal=GPIO_Output
PE5.GPIOParameters=GPIO_Label
PE5.GPIO_Label=SPI4_DAC_MISO
PE5.Mode=Full_Duplex_Master
PE5.Signal=SPI4_MISO
PE6.GPIOParameters=GPIO_Label
PE6.GPIO_Label=SPI4_DAC_MOSI
PE6.Mode=Full_Duplex_Master
PE6.Signal=SPI4_MOSI
PF7.GPIOParameters=GPIO_Label
PF7.GPIO_Label=EN_5V
PF7.Locked=true
PF7.Signal=GPIO_Output
PG15.GPIOParameters=GPIO_Label
PG15.GPIO_Label=RST_DISPLAY
PG15.Locked=true
PG15.Signal=GPIO_Output
PH0/OSC_IN.Mode=HSE-External-Clock-Source
PH0/OSC_IN.Signal=RCC_OSC_IN
PH1/OSC_OUT.Mode=HSE-External-Clock-Source
PH1/OSC_OUT.Signal=RCC_OSC_OUT
PH10.GPIOParameters=GPIO_Label
PH10.GPIO_Label=Z_AXIS_CH1
PH10.Locked=true
PH10.Signal=S_TIM5_CH1
PH11.GPIOParameters=GPIO_Label
PH11.GPIO_Label=Z_AXIS_CH2
PH11.Signal=S_TIM5_CH2
PI0.GPIOParameters=GPIO_Label
PI0.GPIO_Label=SPI2_DISP_NSS
PI0.Locked=true
PI0.Mode=NSS_Signal_Hard_Output
PI0.Signal=SPI2_NSS
PI1.GPIOParameters=GPIO_Label
PI1.GPIO_Label=SPI2_DISP_SCK
PI1.Locked=true
PI1.Mode=TX_Only_Simplex_Unidirect_Master
PI1.Signal=SPI2_SCK
PI3.GPIOParameters=GPIO_Label
PI3.GPIO_Label=SPI2_DISP_MOSI
PI3.Mode=TX_Only_Simplex_Unidirect_Master
PI3.Signal=SPI2_MOSI
PJ0.GPIOParameters=GPIO_Label
PJ0.GPIO_Label=LED_RED
PJ0.Locked=true
PJ0.Signal=GPIO_Output
PJ1.GPIOParameters=GPIO_Label
PJ1.GPIO_Label=LED_YELLOW
PJ1.Locked=true
PJ1.Signal=GPIO_Output
PJ2.Locked=true
PJ2.Signal=GPIO_Output
PinOutPanel.CurrentBGAView=Top
PinOutPanel.RotationAngle=0
ProjectManager.AskForMigrate=true
ProjectManager.BackupPrevious=false
ProjectManager.CompilerOptimize=6
ProjectManager.ComputerToolchain=false
ProjectManager.CoupleFile=false
ProjectManager.CustomerFirmwarePackage=
ProjectManager.DefaultFWLocation=true
ProjectManager.DeletePrevious=true
ProjectManager.DeviceId=STM32F746NGHx
ProjectManager.FirmwarePackage=STM32Cube FW_F7 V1.17.2
ProjectManager.FreePins=false
ProjectManager.HalAssertFull=false
ProjectManager.HeapSize=0x200
ProjectManager.KeepUserCode=true
ProjectManager.LastFirmware=true
ProjectManager.LibraryCopy=1
ProjectManager.MainLocation=Core/Src
ProjectManager.NoMain=false
ProjectManager.PreviousToolchain=
ProjectManager.ProjectBuild=false
ProjectManager.ProjectFileName=GRAF_MNPA.ioc
ProjectManager.ProjectName=GRAF_MNPA
ProjectManager.ProjectStructure=
ProjectManager.RegisterCallBack=
ProjectManager.StackSize=0x400
ProjectManager.TargetToolchain=STM32CubeIDE
ProjectManager.ToolChainLocation=
ProjectManager.UAScriptAfterPath=
ProjectManager.UAScriptBeforePath=
ProjectManager.UnderRoot=true
ProjectManager.functionlistsort=1-SystemClock_Config-RCC-false-HAL-false,2-MX_GPIO_Init-GPIO-false-HAL-true,3-MX_TIM2_Init-TIM2-false-HAL-true,4-MX_TIM3_Init-TIM3-false-HAL-true,5-MX_ADC1_Init-ADC1-false-HAL-true,6-MX_SPI2_Init-SPI2-false-HAL-true,7-MX_TIM4_Init-TIM4-false-HAL-true,8-MX_TIM5_Init-TIM5-false-HAL-true,9-MX_USART1_UART_Init-USART1-false-HAL-true,10-MX_SPI4_Init-SPI4-false-HAL-true,0-MX_CORTEX_M7_Init-CORTEX_M7-false-HAL-true
RCC.CECFreq_Value=32786.88524590164
RCC.FamilyName=M
RCC.HSE_VALUE=25000000
RCC.HSI_VALUE=16000000
RCC.I2SFreq_Value=96000000
RCC.IPParameters=CECFreq_Value,FamilyName,HSE_VALUE,HSI_VALUE,I2SFreq_Value,LCDTFToutputFreq_Value,LSE_VALUE,LSI_VALUE,PLLCLKFreq_Value,PLLI2SPCLKFreq_Value,PLLI2SQCLKFreq_Value,PLLI2SRCLKFreq_Value,PLLQCLKFreq_Value,PLLSAIPCLKFreq_Value,PLLSAIQCLKFreq_Value,PLLSAIRCLKFreq_Value,PLLSAIoutputFreq_Value,RNGFreq_Value,SAI1Freq_Value,SAI2Freq_Value,SDMMCFreq_Value,SPDIFRXFreq_Value,USBFreq_Value,VCOI2SOutputFreq_Value,VCOInputFreq_Value,VCOOutputFreq_Value,VCOSAIOutputFreq_Value
RCC.LCDTFToutputFreq_Value=48000000
RCC.LSE_VALUE=32768
RCC.LSI_VALUE=32000
RCC.PLLCLKFreq_Value=96000000
RCC.PLLI2SPCLKFreq_Value=96000000
RCC.PLLI2SQCLKFreq_Value=96000000
RCC.PLLI2SRCLKFreq_Value=96000000
RCC.PLLQCLKFreq_Value=96000000
RCC.PLLSAIPCLKFreq_Value=96000000
RCC.PLLSAIQCLKFreq_Value=96000000
RCC.PLLSAIRCLKFreq_Value=96000000
RCC.PLLSAIoutputFreq_Value=96000000
RCC.RNGFreq_Value=96000000
RCC.SAI1Freq_Value=96000000
RCC.SAI2Freq_Value=96000000
RCC.SDMMCFreq_Value=16000000
RCC.SPDIFRXFreq_Value=96000000
RCC.USBFreq_Value=96000000
RCC.VCOI2SOutputFreq_Value=192000000
RCC.VCOInputFreq_Value=1000000
RCC.VCOOutputFreq_Value=192000000
RCC.VCOSAIOutputFreq_Value=192000000
SH.ADCx_IN2.0=ADC1_IN2,IN2
SH.ADCx_IN2.ConfNb=1
SH.ADCx_IN3.0=ADC1_IN3,IN3
SH.ADCx_IN3.ConfNb=1
SH.ADCx_IN7.0=ADC1_IN7,IN7
SH.ADCx_IN7.ConfNb=1
SH.ADCx_IN9.0=ADC1_IN9,IN9
SH.ADCx_IN9.ConfNb=1
SH.S_TIM2_CH1_ETR.0=TIM2_CH1,Encoder_Interface
SH.S_TIM2_CH1_ETR.ConfNb=1
SH.S_TIM2_CH2.0=TIM2_CH2,Encoder_Interface
SH.S_TIM2_CH2.ConfNb=1
SH.S_TIM3_CH1.0=TIM3_CH1,Encoder_Interface
SH.S_TIM3_CH1.ConfNb=1
SH.S_TIM3_CH2.0=TIM3_CH2,Encoder_Interface
SH.S_TIM3_CH2.ConfNb=1
SH.S_TIM4_CH1.0=TIM4_CH1,Encoder_Interface
SH.S_TIM4_CH1.ConfNb=1
SH.S_TIM4_CH2.0=TIM4_CH2,Encoder_Interface
SH.S_TIM4_CH2.ConfNb=1
SH.S_TIM5_CH1.0=TIM5_CH1,Encoder_Interface
SH.S_TIM5_CH1.ConfNb=1
SH.S_TIM5_CH2.0=TIM5_CH2,Encoder_Interface
SH.S_TIM5_CH2.ConfNb=1
SPI2.BaudRatePrescaler=SPI_BAUDRATEPRESCALER_32
SPI2.CalculateBaudRate=500.0 KBits/s
SPI2.DataSize=SPI_DATASIZE_8BIT
SPI2.Direction=SPI_DIRECTION_2LINES
SPI2.IPParameters=VirtualType,Mode,Direction,CalculateBaudRate,VirtualNSS,DataSize,BaudRatePrescaler
SPI2.Mode=SPI_MODE_MASTER
SPI2.VirtualNSS=VM_NSSHARD
SPI2.VirtualType=VM_MASTER
SPI4.BaudRatePrescaler=SPI_BAUDRATEPRESCALER_16
SPI4.CLKPhase=SPI_PHASE_1EDGE
SPI4.CLKPolarity=SPI_POLARITY_LOW
SPI4.CalculateBaudRate=1000.0 KBits/s
SPI4.DataSize=SPI_DATASIZE_8BIT
SPI4.Direction=SPI_DIRECTION_2LINES
SPI4.IPParameters=VirtualType,Mode,Direction,CalculateBaudRate,DataSize,BaudRatePrescaler,CLKPolarity,CLKPhase,NSSPMode
SPI4.Mode=SPI_MODE_MASTER
SPI4.NSSPMode=SPI_NSS_PULSE_DISABLE
SPI4.VirtualType=VM_MASTER
USART1.IPParameters=VirtualMode-Asynchronous
USART1.VirtualMode-Asynchronous=VM_ASYNC
VP_SYS_VS_Systick.Mode=SysTick
VP_SYS_VS_Systick.Signal=SYS_VS_Systick
board=custom
isbadioc=false
